# This file was autogenerated by uv via the following command:
#    uv export --project tts --locked --no-dev --no-emit-project --format requirements-txt --output-file tts/requirements.lock
addict==2.4.0 \
    --hash=sha256:249bb56bbfd3cdc2a004ea0ff4c2b6ddc84d53bc2194761636eb314d5cfa5dfc \
    --hash=sha256:b3b2210e0e067a281f5646c8c5db92e99b7231ea8b0eb5f74dbdf9e259d4e494
    # via misaki
annotated-doc==0.0.5 \
    --hash=sha256:117bac03a25ede5df5440e855b32d556049ca169ead221505badf432fed4b101 \
    --hash=sha256:c7e58ce09192557605d8bbd92836d7e1d520ac9580096042c0bfd197efacf1bb
    # via
    #   fastapi
    #   typer
annotated-types==0.8.0 \
    --hash=sha256:13b2beaad985e05e2d6407ee4c4f35590b11f8d693a258a561055cac8f64cab7 \
    --hash=sha256:f072f4d804ea359e4eaf198b1af7a8b0943881a87f31bb764f8bf219bb9419e0
    # via pydantic
anyio==4.15.1 \
    --hash=sha256:6152fdbbf9a77fdec97731721bebf7c4c44f7c29b424b0065826173efc7ed101 \
    --hash=sha256:9f28306018cbd6d329e64a36d58256edff76dd996fe423bc957326e578b82a94
    # via
    #   httpx
    #   starlette
attrs==26.1.0 \
    --hash=sha256:c647aa4a12dfbad9333ca4e71fe62ddc36f4e63b2d260a37a8b83d2f043ac309 \
    --hash=sha256:d03ceb89cb322a8fd706d4fb91940737b6642aa36998fe130a9bc96c985eff32
    # via
    #   jsonschema
    #   phonemizer
    #   phonemizer-fork
    #   referencing
babel==2.18.0 \
    --hash=sha256:b80b99a14bd085fcacfa15c9165f651fbb3406e66cc603abf11c5750937c992d \
    --hash=sha256:e2b422b277c2b9a9630c1d7903c2a00d0830c409c59ac8cae9081c92f1aeba35
    # via csvw
blis==1.3.3 \
    --hash=sha256:034d4560ff3cc43e8aa37e188451b0440e3261d989bb8a42ceee865607715ecd \
    --hash=sha256:1ef6d6e2b599a3a2788eb6d9b443533961265aa4ec49d574ed4bb846e548dcdb \
    --hash=sha256:2a1c74e100665f8e918ebdbae2794576adf1f691680b5cdb8b29578432f623ef \
    --hash=sha256:3f6c595185176ce021316263e1a1d636a3425b6c48366c1fd712d08d0b71849a \
    --hash=sha256:8177879fd3590b5eecdd377f9deafb5dc8af6d684f065bd01553302fb3fcf9a7 \
    --hash=sha256:8c888438ae99c500422d50698e3028b65caa8ebb44e24204d87fda2df64058f7 \
    --hash=sha256:d734b19fba0be7944f272dfa7b443b37c61f9476d9ab054a9ac53555ceadd2e0 \
    --hash=sha256:f20f7ad69aaffd1ce14fe77de557b6df9b61e0c9e582f75a843715d836b5c8af
    # via thinc
catalogue==2.0.10 \
    --hash=sha256:4f56daa940913d3f09d589c191c74e5a6d51762b3a9e37dd53b7437afd6cda15 \
    --hash=sha256:58c2de0020aa90f4a2da7dfad161bf7b3b054c86a5f09fcedc0b2b740c109a9f
    # via
    #   spacy
    #   srsly
    #   thinc
certifi==2026.7.22 \
    --hash=sha256:62f22742b58a1a33014a2b6b706588a8d7e2a88ae7bd1a6ebe8c992928483775 \
    --hash=sha256:741e2c3b351ddf169a738da9f2c048608ff7f2c5cc02f1ebc6b118bb090d5d55
    # via
    #   httpcore
    #   httpx
    #   requests
cffi==2.1.1 \
    --hash=sha256:046bfc24911b37851ee1b51aab8bffe713d89c68c6a057b09484ce9fd5f69b4e \
    --hash=sha256:208f941bb9d18e768138677f0a6d2ce01f590df56043dda1df1535ac57c88517 \
    --hash=sha256:210019b6c7cf07f081b4c54635c8cf744377001350e29cc0f81c4377b4797735 \
    --hash=sha256:3143d81e29e1e20a9ce10901ec369012947876596f75a222235965f2b7ae832e \
    --hash=sha256:4a7c934f7360e8cd64fe9efadcbd10c7c6364f531e432b9a4bf5ccbc9e0e8b50 \
    --hash=sha256:68e62fe11f30d5ca8289242866f0a5291402d8529ca2178ab8afc5c9694ae890 \
    --hash=sha256:7bde5e4cc5c10140859842b9d383af292b22639a4dffb725314baf45968cef80 \
    --hash=sha256:811bd1e21d32de12efca32393a0ab3f5133b54fce9bd44b8bd77ab07da14bf6a \
    --hash=sha256:c1453022f490d2459a11819d83ad1d586e9ff65a12ac3e705ffebd46d3685dcf \
    --hash=sha256:c8c69575568085ba0b1b10c0249d779a214aea6f6522e949a0fc9fb0fcb449d0 \
    --hash=sha256:dd31f52ea1086513bb9df30f8fcee9b8918323ae067a3d5b78bc826a000712be \
    --hash=sha256:f53e442b08449d42821fa4a4fba000095af9f62742a500f978a9f557ec44339a \
    --hash=sha256:f81b3b8f3d4e343550fa4baa0e479bba9f2d29ce9c2e9b51d1ce1718d7442fcf
    # via soundfile
charset-normalizer==3.5.2 \
    --hash=sha256:01077390b03f7988f11d700a2194e69b119741a86b1a638b1db88891e3eced8e \
    --hash=sha256:01b0c0d2262a9e28e8484a278c7e1b5d650e3ac8cf2683d2967e25899f208bdf \
    --hash=sha256:0774bf9bf620249fee3e0b8b9fd3065de213be30f3aa94ce2494b3b638949e26 \
    --hash=sha256:0fed1d06615f022ee3b13caf5e8b180cfea32bb2c5aded8a9d44277afc040f93 \
    --hash=sha256:11a4d68a6ecda3292cb1e50239e111543ba5d709bb62a6b4ea1afcfa729d8875 \
    --hash=sha256:1c50fe28bbc2ced33386f298650d91218076c05420e6cbd790b913adc41659e7 \
    --hash=sha256:1db38f4c5496827c1a501846d64d14c3b80c7e6714e406cd7dc36a9899fa1011 \
    --hash=sha256:23851fb4e1b85ed3f6c2a27b777cdfe2e19fb5b38429a8faf38c7542b7665869 \
    --hash=sha256:2ce45c6627b22c47e390bc91a41c3d13032192e699fa0bea96e9671b373d69b0 \
    --hash=sha256:304d8e4d493af723536393eee0c689eb7813f4a474c8b479dee63f1fdd98f621 \
    --hash=sha256:355ad8011081dec5412240c087a9a0c9d4d5039f3ed11a3f13e18c2b29b56c51 \
    --hash=sha256:38a873987f3be698494da8b2e3085e29da02da7b633dce73e79c699a113d7bf0 \
    --hash=sha256:39de2a259fc954455c57274dc94c79d5842774e1247a016aff30bc0efed0f4ef \
    --hash=sha256:3d31298449090ab8d47b7b1b2a555ff73cac7ed438a08b7ac160980c7ebed649 \
    --hash=sha256:40ab6bffa02ae10a0581e6c198be7d2d8ca5c2a0c64e4ed3465d766df457573e \
    --hash=sha256:4275811936e2f06feff5e598fb42a1b7ae852da8e39605211892b56b81a34efd \
    --hash=sha256:5cde776b7cc66e4f6c99612cea4aa7269aa65863f7a15841b2c264f103822f4e \
    --hash=sha256:780fbe7cab297b81dad9fb8dc5eb003c0468ffb0d9e5f65068c53a34661a96bc \
    --hash=sha256:7e841fb9010836c992c9f12fcbd43a831de93a5f726fc1ccd8ca1d0268c5014c \
    --hash=sha256:838dcc90063569a0448120554591a1d6c4a4ffe11babf048908793154ab86ade \
    --hash=sha256:9b7f416ff0978e2f2249330527f0ad6fa02f4932e6199692d3b52da2048c19e4 \
    --hash=sha256:9cae88599c7219005d879f98e5ed53341e9a122af585e1091200358a3003d2a0 \
    --hash=sha256:9f56f72050826f63dcee7a7f55b0a77168cb3bfc553fd405e7f8f9ece75a4036 \
    --hash=sha256:a815775b6c38d4e0ff7bcffbeba67feded90202bb6a226b8dd35f1c855217413 \
    --hash=sha256:ae4f5fea5b8b8ccff88238cc8569303e5ee95efae67fa62922a311397a71f346 \
    --hash=sha256:b6b751274acb69d77b3323d6b7dbaa3c7fdfc1eb829b7eb61d262f32e1af9685 \
    --hash=sha256:b91363207bd9dc966a691e959bb47f64b30f7ac4b072be9968b366982f7db77c \
    --hash=sha256:d19fbd981a488e22cd04883659ca6b08f50b5974f9fd7c95655ef6a043e5893f \
    --hash=sha256:d6734d2ef8a50fbf8445c139477da401f50d62a0606bf00e20ec6d87773fefb1 \
    --hash=sha256:db19d07e2e0129e974a0e65d0064fc222a446cd5122c2fd4184d2af9fc734a9e \
    --hash=sha256:e2af3aad578aa6bd1384bcf4750fc285e5a9de53f40b7d41e5a0bf748edeb2b3 \
    --hash=sha256:ed2a239c0ea213acc1908150a3037257083c7c083128f1a4cec2ec4b97dca491 \
    --hash=sha256:ee21e28f0430bd6dc9086c6e525d5e818a44a5ad19720c8a0ef766792f3eb5e5 \
    --hash=sha256:f7d486c83842422badd511868fd8a9a20e9407ace71564b6af47ce7e60a336c1
    # via requests
click==8.5.0 \
    --hash=sha256:255bc9599cf7748b4b1a446ccc735421bd08a2ae529a8b88597d3de5664ee360 \
    --hash=sha256:ba0d2089de75ea0310e2dde03160e6ca10009947fb95a182f9b54021bb272e34
    # via
    #   spacy
    #   uvicorn
cloudpathlib==0.26.0 \
    --hash=sha256:6ea02248f2db7cb10729caf1edbdec92587dfdbbd3df8c71a32aedd4ae55715a \
    --hash=sha256:abcd7f54bcbb2fbb79c0e96b79241f08866760aee6276586882b3558672d571b
    # via weasel
cloudpickle==3.1.2 \
    --hash=sha256:7fda9eb655c9c230dab534f1983763de5835249750e85fbcef43aaa30a9a2414 \
    --hash=sha256:9acb47f6afd73f60dc1df93bb801b472f05ff42fa6c84167d25cb206be1fbf4a
    # via joblib
cn2an==0.5.24 \
    --hash=sha256:3d57d862a56133070ba6a737b8095bfc94716b41b7684e7a98d2d5b049495db7 \
    --hash=sha256:c276cfc4b3c9e758214841de597502eb178de50b8da2633ed345564f90705f0e
    # via misaki
colorama==0.4.6 ; sys_platform == 'win32' \
    --hash=sha256:08695f5cb7ed6e0531a20572697297273c47b8cae5a63ffc6d6ed5c201be6e44 \
    --hash=sha256:4f1d9991f5acc0ca119f9d443620b77f9d6b33703e51011c16baf57afb285fc6
    # via
    #   tqdm
    #   typer
confection==1.3.3 \
    --hash=sha256:b9fef9ee84b237ef4611ec3eb5797b70e13063e6310ad9f15536373f5e313c82 \
    --hash=sha256:f0f6810d567ff73993fe74d218ca5e1ffb6a44fb03f391257fc5d033546cbfaa
    # via
    #   spacy
    #   thinc
    #   weasel
csvw==4.1.0 \
    --hash=sha256:bfe2b64442552b392577a8d30edf886510c8d05e665606fa5caa1508365fd700 \
    --hash=sha256:d432d4cccd8dcdf31ccb2272d6d7ad40a9ebde7de3c7d6ced9033afb23bb76dd
    # via segments
cymem==2.0.13 \
    --hash=sha256:1c91a92ae8c7104275ac26bd4d29b08ccd3e7faff5893d3858cb6fadf1bc1588 \
    --hash=sha256:2ff1c41fd59b789579fdace78aa587c5fc091991fa59458c382b116fc36e30dc \
    --hash=sha256:6bbd701338df7bf408648191dff52472a9b334f71bcd31a21a41d83821050f67 \
    --hash=sha256:742fc19764467a49ed22e56a4d2134c262d73a6c635409584ae3bf9afa092c33 \
    --hash=sha256:a84ba3178d9128b9ffb52ce81ebab456e9fe959125b51109f5b73ebdfc6b60d6 \
    --hash=sha256:c9251d889348fe79a75e9b3e4d1b5fa651fca8a64500820685d73a3acc21b6a8 \
    --hash=sha256:d670329ee8dbbbf241b7c08069fe3f1d3a1a3e2d69c7d05ea008a7010d826298 \
    --hash=sha256:e8afbc5162a0fe14b6463e1c4e45248a1b2fe2cbcecc8a5b9e511117080da0eb \
    --hash=sha256:f190a92fe46197ee64d32560eb121c2809bb843341733227f51538ce77b3410d
    # via
    #   preshed
    #   spacy
    #   thinc
dlinfo==2.0.0 \
    --hash=sha256:88a2bc04f51d01bc604cdc9eb1c3cc0bde89057532ca6a3e71a41f6235433e17 \
    --hash=sha256:b32cc18e3ea67c0ca9ca409e5b41eed863bd1363dbc9dd3de90fedf11b61e7bc
    # via
    #   phonemizer
    #   phonemizer-fork
docopt==0.6.2 \
    --hash=sha256:49b3a825280bd66b3aa83585ef59c4a8c82f2c8a522dbe754a8bc8d08c85c491
    # via num2words
en-core-web-sm @ https://github.com/explosion/spacy-models/releases/download/en_core_web_sm-3.8.0/en_core_web_sm-3.8.0-py3-none-any.whl \
    --hash=sha256:1932429db727d4bff3deed6b34cfc05df17794f4a52eeb26cf8928f7c1a0fb85
    # via chainflow-kokoro
espeakng-loader==0.2.4 \
    --hash=sha256:08721baf27d13d461f6be6eed9a65277e70d68234ff484fd8b9897b222cdcb6d \
    --hash=sha256:41f1e08ac9deda2efd1ea9de0b81dab9f5ae3c4b24284f76533d0a7b1dd7abd7 \
    --hash=sha256:b77477ae2ddf62a748e04e49714eabb2f3a24f344166200b00539083bd669904 \
    --hash=sha256:d1e798141b46a050cdb75fcf3c17db969bb2c40394f3f4a48910655d547508b9 \
    --hash=sha256:d27cdca31112226e7299d8562e889d3e38a1e48055c9ee381b45d669072ee59f \
    --hash=sha256:d7a2928843eaeb2df82f99a370f44e8a630f59b02f9b0d1f168a03c4eeb76b89
    # via
    #   chainflow-kokoro
    #   kokoro-onnx
fastapi==0.142.2 \
    --hash=sha256:06366626f2e70576367714d9ab2fe8472e6c8456dba69b399f9f797ab5e92570 \
    --hash=sha256:bd5f4d81f1e93a88bcd77caf4dfe3c2dbffc3805407a0007e9a114c18b3a670b
    # via chainflow-kokoro
flatbuffers==25.12.19 \
    --hash=sha256:7634f50c427838bb021c2d66a3d1168e9d199b0607e6329399f04846d42e20b4
    # via onnxruntime
fugashi==1.5.2 \
    --hash=sha256:3d2bb28cc6c6eec1c50729bb2dda44007a45599f0471b14c8fda57b0dde36d50 \
    --hash=sha256:4ed199a931c1d9f7d55c606d90a06323d1a60164ec222ea70af74c0c9d236faa \
    --hash=sha256:83bc7bf08f81a3c3992bf10b8c681720898a826c6c3dffa80e1296e005f4bfb8 \
    --hash=sha256:8c1f64345a7a13b229fb755b567cbc993adb43b5b617ad4089521e5dd4d27b91 \
    --hash=sha256:936d710166c5b05064ec2ce0eb347fff7a0cf102c33989012fad205346943402 \
    --hash=sha256:a7959eab95bb37a6a934fc2314d3ff888664d11b88d0e1c596260a5785d5880e \
    --hash=sha256:ffe760c93e21896cc74066bc5e7dbee6e41a26199807c850b486e2e29b8a3131
    # via misaki
h11==0.16.0 \
    --hash=sha256:4e35b956cf45792e4caa5885e69fba00bdbc6ffafbfa020300e549b208ee5ff1 \
    --hash=sha256:63cf8bbe7522de3bf65932fda1d9c2772064ffb3dae62d55932da54b31cb6c86
    # via
    #   httpcore
    #   uvicorn
httpcore==1.0.9 \
    --hash=sha256:2d400746a40668fc9dec9810239072b40b4484b640a8c38fd654a024c7a1bf55 \
    --hash=sha256:6e34463af53fd2ab5d807f399a9b45ea31c3dfa2276f15a2c3f00afff6e176e8
    # via httpx
httpx==0.28.1 \
    --hash=sha256:75e98c5f16b0f35b567856f597f06ff2270a374470a5c2392242528e3e3e42fc \
    --hash=sha256:d909fcccc110f8c7faf814ca82a9a4d816bc5a6dbfea25d6591d6985b8ba59ad
    # via weasel
idna==3.20 \
    --hash=sha256:a7db850025b95ded1eae8a46181a1a6c56c92c96f0e2b005d9ff8dc0210cab44 \
    --hash=sha256:ab7ae7122974553370f0bdb919e1a960b2cd1bc1ef0276416d896db81c14582c
    # via
    #   anyio
    #   httpx
    #   requests
isodate==0.7.2 \
    --hash=sha256:28009937d8031054830160fce6d409ed342816b543597cece116d966c6d99e15 \
    --hash=sha256:4cd1aa0f43ca76f4a6c6c0292a85f40b35ec2e43e315b59f06e6d32171a953e6
    # via csvw
jaconv==0.5.0 \
    --hash=sha256:2914114fe761ca49fc7089e25e6ad4a400c26f262ffce84e13b176916b71610a \
    --hash=sha256:53f6f968276846716f0f37100a6d5c7308cfa1e0c714eb41287d5bb09345c40f
    # via misaki
jieba==0.42.1 \
    --hash=sha256:055ca12f62674fafed09427f176506079bc135638a14e23e25be909131928db2
    # via misaki
jinja2==3.1.6 \
    --hash=sha256:0137fb05990d35f1275a587e9aee6d56da821fc83491a0fb838183be43f66d6d \
    --hash=sha256:85ece4451f492d0c13c5dd7c13a64681a86afae63a5f347908daf103ce6d2f67
    # via spacy
joblib==1.6.0 \
    --hash=sha256:2ccc96785b12046c08fd6d55839c12857831b54a3c1673ffadd2f04bfc4eda03 \
    --hash=sha256:3dbbf9f6e4b592a2357b854608e980fe6390d131d7a82f011a377ef2ebef7aba
    # via
    #   phonemizer
    #   phonemizer-fork
jsonschema==4.26.0 \
    --hash=sha256:0c26707e2efad8aa1bfc5b7ce170f3fccc2e4918ff85989ba9ffa9facb2be326 \
    --hash=sha256:d489f15263b8d200f8387e64b4c3a75f06629559fb73deb8fdfb525f2dab50ce
    # via csvw
jsonschema-specifications==2025.9.1 \
    --hash=sha256:98802fee3a11ee76ecaca44429fda8a41bff98b00a0f2838151b113f210cc6fe \
    --hash=sha256:b540987f239e745613c7a9176f3edb72b832a4ac465cf02712288397832b5e8d
    # via jsonschema
kokoro-onnx==0.6.1 \
    --hash=sha256:50c8de4950d601df41428ee5462a48c8a78bef441bf671f2492e070ef44d8a32 \
    --hash=sha256:7bbdb66dd53775f71088a99999a9aefdad240740daf54cb09410d8bb1e294e35
    # via chainflow-kokoro
language-tags==1.3.1 \
    --hash=sha256:b15f05505dad3ad296a1782d5a6083fd141309186094d1ab08095348f4203f37 \
    --hash=sha256:f7db7ef8879523019603e09644a86d95ba60595ce5e5ea82d46e8971b0f68f7b
    # via csvw
markdown-it-py==4.2.0 \
    --hash=sha256:04a21681d6fbb623de53f6f364d352309d4094dd4194040a10fd51833e418d49 \
    --hash=sha256:9f7ebbcd14fe59494226453aed97c1070d83f8d24b6fc3a3bcf9a38092641c4a
    # via rich
markupsafe==3.0.4 \
    --hash=sha256:0930db9bdc62d22944e10b066448bb65dc9abe9112880c7cab8da54db4284d5f \
    --hash=sha256:11935df9bf455ed0c04eb87bcd720f02b1fe5e02128a9430f23aed6f93336fc7 \
    --hash=sha256:1e1451fab512d1bcc3dc26988ec1edb0b82c2db909132872cd9356070a6b63df \
    --hash=sha256:2e9ad7dd851bf45fab9f75cbff4cb493fee9979e8d8c7c9c3ee119022518edd6 \
    --hash=sha256:61631e08084be9e21a8967ec3139c7616ed7c5e9368e05c86d1b39562c8a57b6 \
    --hash=sha256:64511c54db4e4987aef4c41923235927428729e8174c5dba488429be70a998ed \
    --hash=sha256:6a45c3d514f2436064db00d7fc8778d888f0236ebfed649b53d13a59e69ad51b \
    --hash=sha256:8e124f974786f831d6043728e38296969d3579db8896fe004682f5758e613581 \
    --hash=sha256:9f098115c247e11d138ab83a28fa0323c77015007ea2df73ba5fd714dfefd67c \
    --hash=sha256:a4bbd2d87dd233b9fc5812160c3d0ffbe42edc22a26ce0469f58479ede633fe9 \
    --hash=sha256:bd3ce56ae2cbae3ba82b683bc425cd7e48d2ed8b10f3e818186b6f5646d9271c \
    --hash=sha256:c02e8f18bdedba082cef725942ac823b9b60656db07f7e265cb31618dfd00d77 \
    --hash=sha256:c9a7f43c0b202b334cc9184af09bb8f21d3a209e038efaf106936fb69e6b026e \
    --hash=sha256:d5f93ebbeb8032d47e349328ec8662d973d9b05a70b3c35df1f91fe419b84749 \
    --hash=sha256:e1a622f13970d81f95d0c72f9dc090dce9085fccfa4c9f2174377ee32bd15786 \
    --hash=sha256:f0ec3b750b59375eab5b0fb2b9254810c00a3375be6d789899f1055a1d556237
    # via jinja2
mdurl==0.1.2 \
    --hash=sha256:84008a41e51615a49fc9966191ff91509e3c40b939176e643fd50a5c2196b8f8 \
    --hash=sha256:bb413d29f5eea38f31dd4754dd7377d4465116fb207585f97bf925588687c1ba
    # via markdown-it-py
misaki==0.9.4 \
    --hash=sha256:3960fa3e6de179a90ee8e628446a4a4f6b8c730b6e3410999cf396189f4d9c40 \
    --hash=sha256:90e2eeb169786c014c429e5058d2ea6bcd02d651f2a24450ba6c9ffc0f8da15a
    # via chainflow-kokoro
mojimoji==0.0.13 \
    --hash=sha256:0e6d2fba22cc8bf132a5bdf3a964296d9287a618d09681a12868f0fd518e4230 \
    --hash=sha256:3c5fd38d1f4079dc54ac79f93b0e5442c660b297a3868308251ffc37beb1216b \
    --hash=sha256:6e442d6dcfb2fc1a08eea86da80ebe71ad63fbc4217fa4faede7023c0b51d055 \
    --hash=sha256:9d8f1618fb9b100bba172f2629df20e6db591ce5912996ac630d215627dd7553 \
    --hash=sha256:ad4a2e1fb2b643ac3166f30be97a95ad1877e4670c6dc656c4ef580681b84c49 \
    --hash=sha256:c97ee81e4f7083df13b8ef690366e67afd8170c8f7c259161bae6ed12d41fe5b \
    --hash=sha256:d001f2042073b194bad071925b7ee36d9f320b79c93b4463df87267fee986e86
    # via misaki
murmurhash==1.0.15 \
    --hash=sha256:0861cb11039409eaf46878456b7d985ef17b6b484103a6fc367b2ecec846891d \
    --hash=sha256:32c6fde7bd7e9407003370a07b5f4addacabe1556ad3dc2cac246b7a2bba3400 \
    --hash=sha256:43bf4541892ecd95963fcd307bf1c575fc0fee1682f41c93007adee71ca2bb40 \
    --hash=sha256:4a70ca4ae19e600d9be3da64d00710e79dde388a4d162f22078d64844d0ebdda \
    --hash=sha256:58e2b27b7847f9e2a6edf10b47a8c8dd70a4705f45dccb7bf76aeadacf56ba01 \
    --hash=sha256:5a301decfaccfec70fe55cb01dde2a012c3014a874542eaa7cc73477bb749616 \
    --hash=sha256:5d8b43a7011540dc3c7ce66f2134df9732e2bc3bbb4a35f6458bc755e48bde26 \
    --hash=sha256:d37e3ae44746bca80b1a917c2ea625cf216913564ed43f69d2888e5df97db0cb \
    --hash=sha256:f4ac15a2089dc42e6eb0966622d42d2521590a12c92480aafecf34c085302cca
    # via
    #   preshed
    #   spacy
    #   thinc
num2words==0.5.14 \
    --hash=sha256:1c8e5b00142fc2966fd8d685001e36c4a9911e070d1b120e1beb721fa1edb33d \
    --hash=sha256:b066ec18e56b6616a3b38086b5747daafbaa8868b226a36127e0451c0cf379c6
    # via chainflow-kokoro
numpy==2.5.3 \
    --hash=sha256:0a59a421a32580a009e8a1751345bf829631b990dc1794b80514ab722b435def \
    --hash=sha256:4f8929ee6c96bfbd7b4ed2032e0c03af86fe1826740ab61ddabf9072d06e57ff \
    --hash=sha256:76c2c1e6bfa5c84adc6434dfbf013aa92096a7985221762c8f11fedfd20fff58 \
    --hash=sha256:a72f874bc9e10e4b8f80426fb49716d5141f64442a0c8418065093ec8017fbb0 \
    --hash=sha256:b5d93cf48f687479941d12b69c873ad2cc76bbd487f0091c2200636497f34034 \
    --hash=sha256:b7e18c623bb5c95acb3b3328861272816ba199fb531921c5d6d0b675f1fde9e3 \
    --hash=sha256:bf63afbe037eb5d2fe87fbcc7778e61da53ebaf21d938a4515aa73b62532a5d4 \
    --hash=sha256:cb189f09db39283b26bfd061ec16189e14f71c6755207f72a0f7540867afe5b9 \
    --hash=sha256:ccb32e0525d29e8b0572eb84c9a57af0e7a4e615726927506f55063c62414034 \
    --hash=sha256:df2d5874ff183595a4ba404edd04f6bd9b5505c1d7708573f6a6c17489a67563 \
    --hash=sha256:f59a878c33d6b88122d80d239bb3b845d58708750b0cb06a09aebb9b18ec696c \
    --hash=sha256:fc36dc566135b5eceec4cf89758fcb719266a019ef07dae1754ae7c9f617ef3e
    # via
    #   blis
    #   kokoro-onnx
    #   onnxruntime
    #   pyopenjtalk
    #   soundfile
    #   spacy
    #   thinc
onnxruntime==1.30.0 \
    --hash=sha256:001ed726c9bd5e2bc92faade7d37d889e9606a350b7d5529f0227df2e3bb57fd \
    --hash=sha256:6c32a000d5139a38ba9349030b0032e3331acb559d596b22738d9d2b343a2b83 \
    --hash=sha256:dc4c706f1935ebb62356e6a095b047859badd854482c40560888e95c328ed262 \
    --hash=sha256:f3501472571f1b1eee50e017851e7929f5ea37312d2d8c2494a19e8fc58b4a38 \
    --hash=sha256:fa688e7891a6aa206636fe7372e27ee75fd17713289f6b4fc7b190e0a7de9328
    # via
    #   chainflow-kokoro
    #   kokoro-onnx
opentelemetry-api==1.45.0 \
    --hash=sha256:711ede81773c8025c2c03dac0450bc89f3d30aea6eabcc815c570d4e35a963f7 \
    --hash=sha256:80e068aba7cd56c8b58512d6a36f8d25cb1dfaa0c0a4cc1c938ccf9f362d9cb3
    # via fastapi
ordered-set==4.1.0 \
    --hash=sha256:046e1132c71fcf3330438a539928932caf51ddbc582496833e23de611de14562 \
    --hash=sha256:694a8e44c87657c59292ede72891eb91d34131f6531463aab3009191c77364a8
    # via misaki
packaging==26.3 \
    --hash=sha256:94edc256424af38762eb31306eed28beb9f0efc50a8837492c9d6fd6004aed79 \
    --hash=sha256:d7193f7c8e4e93f444fde0262bf90af30e16fa0ad0ad44cb553c87339b23cd1c
    # via
    #   onnxruntime
    #   spacy
    #   thinc
    #   weasel
phonemizer==3.4.0 \
    --hash=sha256:5ff1215d0efa3606dd1b92449f6d71b5c1741efcc84c6d40c17bfaf64f6ded5f \
    --hash=sha256:e13231980c50bc671ec0466379ba027260ad9d61929952d8ae9665b3d0f251eb
    # via kokoro-onnx
phonemizer-fork==3.3.2 \
    --hash=sha256:10e16e827d0443b087062e21b55e805c00989cf1343b2e81e734cae5f6c0cf69 \
    --hash=sha256:97305c76f4183b3825dae8f4c032265fe78c9946ce58c47d4b62161349264b74
    # via chainflow-kokoro
plac==1.4.7 \
    --hash=sha256:8af4bcd5d52e06c31fab641bffb7040d0eb0e579e2f70a4d2e87af5eed0612ea \
    --hash=sha256:957ffbab8ea8ab8c0b9f2694daa2a95f3560151cd162bcbc91e97ff94d45c4f9
    # via unidic
preshed==3.0.13 \
    --hash=sha256:04d8f13f2986e5d11af5ac51f55ce3106c70c41b483d20ea392e6180bdd0f870 \
    --hash=sha256:183b339956a9e1d7a4a00038a3b9587a734db9e8bd915939a49791bd1b372156 \
    --hash=sha256:19318dc1cd8cac6663c6c830bf7e0002d2de853769fb03e056774e97c21bedfd \
    --hash=sha256:2e77bed56aded7cbe5d28d6bd2178bc5b13eda0e0e464dab205fb578fa915000 \
    --hash=sha256:5d14eea14bd01291388928991d7df7d60b9fd19ae970e55006eb4d29b0c1e8eb \
    --hash=sha256:62cf7f3113132891d6bba70ff547ad81c6fe50a31930bbbb8499f1d47cd122b7 \
    --hash=sha256:8b8de3f58043070a354477995acdd98626ce43e4193c708ebd0f694e467f5155 \
    --hash=sha256:d75f718bbfd97e992f7827e0fa7faf6a91bdd9c922d5baa4b50d62731396cb89 \
    --hash=sha256:f05b08ce92399c0655b5e0eb5a1cc1f9e295703ed3aabdfaf6538dfa8ae23d57
    # via
    #   spacy
    #   thinc
proces==0.1.7 \
    --hash=sha256:308325bbc96877263f06e57e5e9c760c4b42cc722887ad60be6b18fc37d68762 \
    --hash=sha256:70a05d9e973dd685f7a9092c58be695a8181a411d63796c213232fd3fdc43775
    # via cn2an
protobuf==7.36.2 \
    --hash=sha256:497d0463ff3316681da6c0b9e8d06cb465d61abce00b613ab42226175644d1bb \
    --hash=sha256:89f23aa53c24553a2416fd4fd1ec06f74fa42b14b546d8883128813f775bbfd2 \
    --hash=sha256:912c1221170e16c08d1f086762f563dd61ff83c18b5fa6652952dfaded66f728 \
    --hash=sha256:a300819d441e078a5608c0d3c709796bb548136058fda017ae51d425b44fd353 \
    --hash=sha256:bdb3a345d48db958e6ce1f18e508beb0cc981d64f24088427549c866cd039f1e \
    --hash=sha256:cbc70b17ee27e28894c7fee8bb04be1abead49e936bc70eb60052531eee2079e \
    --hash=sha256:e11e1f0180583a2af89db6a2ecd9e8dc40aa6d2988ca175bfd0e6d12ea72d74e \
    --hash=sha256:f4fee11ec330d238b34a05c9b675f693c20415d1c5bd7d5320cc2f8a798eb9cf
    # via onnxruntime
pycparser==3.0 ; implementation_name != 'PyPy' \
    --hash=sha256:600f49d217304a5902ac3c37e1281c9fe94e4d0489de643a9504c5cdfdfc6b29 \
    --hash=sha256:b727414169a36b7d524c1c3e31839a521725078d7b2ff038656844266160a992
    # via cffi
pydantic==2.13.5 \
    --hash=sha256:346a034f080da3755d8e9cb5e00e8b07de1d39e4f6e2c87d8ab7cafa0b269a73 \
    --hash=sha256:51a9c5f7b2f8e636f04c6cada605d9b6a3bf1348fdf945a3d8869b19bba0ee08
    # via
    #   fastapi
    #   spacy
    #   thinc
    #   weasel
pydantic-core==2.46.5 \
    --hash=sha256:013d6f3483d81e02e7c328831808f336c8596ee33b4bd4026b9ffb1e960b8942 \
    --hash=sha256:0fc5be0abd4a407e200d844b404e33639a554e7bd0d448e7b9ae181be4789ac2 \
    --hash=sha256:10416c15b8839ecc4ef4d0885da76da6fd0f67333a0eb8aff6d93c4b8f2910fc \
    --hash=sha256:18a09e1e1011b462f2e32774f25859ef1223d5c2b0546a633cf56654710721e0 \
    --hash=sha256:2bc9419666990c06d7397831f2126a1ecc3594aaa3ff7de5bf2d066802f4e07b \
    --hash=sha256:347ec774390c87326a2e4929d58d3f7e8763a104d5d35f4cd595a4c952366433 \
    --hash=sha256:4fdc8b93a41521988916eeaa271173fcca7fa0803d62f87675aac8dcec1c8e29 \
    --hash=sha256:5cb482e9e84c851f4e623fe4acc1ced89168cf1fe18f7089db4548c8f5bbb65b \
    --hash=sha256:5e81740c09e310f5aa5cbd3e434a01c154d4bef93241c7877b39f211d2b78ba8 \
    --hash=sha256:816ff0a6550ffc06c098ccd2e0698600f9aa7da192a79eaa6f9af504a35db869 \
    --hash=sha256:8e24d8f05fa2d28513d94e877e9c75ad66175376209b3977f916e240e623193c \
    --hash=sha256:a39ac25a9a2fa4072efdb429833c4a4c8009a51ff9eea3eeae131713cd27991e \
    --hash=sha256:b98134087d9de723658d17a42c7d0da8d6e2ef08015dee7dc93889047315f5e4 \
    --hash=sha256:b9fe6fb92520e3fd61f2e49000b6911b188824f089b75973ea06d6267f0b476d \
    --hash=sha256:c7ea57fc63aa7da93a1bd2d644e6577befae10c52c4e36377635eea1056a74f5 \
    --hash=sha256:d925f3d9afd05a8c0fb3a1031463a8d59ebe5e2afad297e29c78be19e13b4e62 \
    --hash=sha256:e652ab17569c94bff5475520f907b7148b8c24036a8ebbe5cf7cf7493d28579a \
    --hash=sha256:e9c134bb666dd54b778b9fc0d2b50cbb7f979b9e3716f26a88c9ab3b6fc1dd0f \
    --hash=sha256:efd62a42486f1bda5d24cb4f63d15a3c7768375fe83d36f9417b4ad7a2fb20b3 \
    --hash=sha256:f7b0ec93a2893de856652154d73b7ba622f26fa97726487dcac373de5f4c6084
    # via pydantic
pygments==2.21.0 \
    --hash=sha256:2363c69b61c4a97c838da3b130dcd6468f4848992b21a82f2a63ec34377137d9 \
    --hash=sha256:610ca751c9bc2492b38eb9a38a7fbc93edbbb2d7182edaf34e66ae493dee5c8c
    # via rich
pyopenjtalk==0.4.1 \
    --hash=sha256:d5ada46f7fc2b52c1c79c273eb9668ff6ad7ab276a8db9d8be119ef93440f0dc
    # via misaki
pyparsing==3.3.3 \
    --hash=sha256:928ae7e20211f3b6f3915a72f06a0cfd29ab9d24279dd6346b6b1a7146397d36 \
    --hash=sha256:ece8c00a69cf01b45d0b1dedabb469c90d8caf996d4fda40f147627a122849a4
    # via rdflib
pypinyin==0.55.0 \
    --hash=sha256:b5711b3a0c6f76e67408ec6b2e3c4987a3a806b7c528076e7c7b86fcf0eaa66b \
    --hash=sha256:d53b1e8ad2cdb815fb2cb604ed3123372f5a28c6f447571244aca36fc62a286f
    # via
    #   misaki
    #   pypinyin-dict
pypinyin-dict==0.9.0 \
    --hash=sha256:10cfbe40af87d704b867533177be8cd72837da9e224755dd275798e88097067a \
    --hash=sha256:8c491396baa1567311f2ec759cbc154638f3bcefdc711d34e53e373e3a429fa5
    # via misaki
python-dateutil==2.9.0.post0 \
    --hash=sha256:37dd54208da7e1cd875388217d5e00ebd4179249f90fb72437e91a35459a0ad3 \
    --hash=sha256:a8b2bc7bffae282281c8140a97d3aa9c14da0b136dfe83f850eea9a5f7470427
    # via csvw
rdflib==7.6.0 \
    --hash=sha256:30c0a3ebf4c0e09215f066be7246794b6492e054e782d7ac2a34c9f70a15e0dd \
    --hash=sha256:6c831288d5e4a5a7ece85d0ccde9877d512a3d0f02d7c06455d00d6d0ea379df
    # via csvw
referencing==0.37.0 \
    --hash=sha256:381329a9f99628c9069361716891d34ad94af76e461dcb0335825aecc7692231 \
    --hash=sha256:44aefc3142c5b842538163acb373e24cce6632bd54bdb01b21ad5863489f50d8
    # via
    #   jsonschema
    #   jsonschema-specifications
regex==2026.9.29 \
    --hash=sha256:0dd8af32e9f7b56b7f95cc1fd79b23054c3bdc172392ae560acc24d57b7ffe71 \
    --hash=sha256:39ab5894d971f9ac68baa6eca5c50387db579cfcacf36ae8df3feceb1815e6d0 \
    --hash=sha256:3a21a9509d0ee88e7a70e1ad228cd2f0e0fd1e187458db132e8a8d18c97daf9d \
    --hash=sha256:3c5c2ef13797466aa64170cbb66ad98a32351dd4127694cea7199f80f213750d \
    --hash=sha256:4fe97894d1b306c919b4e50def1e6f6c522f4d03a7283811f4d108f1ce5d3ac2 \
    --hash=sha256:59b49507f47479e299a9e1bc41b5cb83a7afda0540625f1dbae886615978acbf \
    --hash=sha256:87fb80cbe3557e27e7b28b995c2b2eedf689b8886f941ab93e0e288f0976518a \
    --hash=sha256:8b5fcc4771732191b2b7d1dd68d8f0353f47f8d90b6150f6dce58bf1112442cb \
    --hash=sha256:9e1d3a4cb7993b708f0ada8d0c84590efd853f169e7147d2202c9da503180242 \
    --hash=sha256:c1a9a6651197fbed6f0212591418b9def774fc3f8324f78d1bf0e6a63e5f8aa1 \
    --hash=sha256:d0c3082bf79bcd6a614d55916590ad4b8f93200e10b97f463ea5d9d07c9b5f23 \
    --hash=sha256:dabee8f4935e731fb46b2a3091bdda0d3d94b3bbfb907d2b4f12eefce4009619 \
    --hash=sha256:db5e82ba15c142425b8406690032df89e39cca4a2e8afbbb9a3d84edc2373ac3 \
    --hash=sha256:dc79d36d0618752265f0d575915bdc5c5130ecb9c9f6b3bcefeae32e4bdfafcf \
    --hash=sha256:f57dc6b8fef170f105d2cf5cdce254f47b137d7755086cf7050f47e16582abba \
    --hash=sha256:f93bc1c3486ef3747e07c9d7c1d0a147b8fbaab975f80e348aed6f71309dfaca \
    --hash=sha256:fdd88ed5e20b1bcdd234421e454962c971aa44b653bdb7f1ea9ef683e90fb649
    # via
    #   misaki
    #   segments
requests==2.34.2 \
    --hash=sha256:2a0d60c172f83ac6ab31e4554906c0f3b3588d37b5cb939b1c061f4907e278e0 \
    --hash=sha256:f288924cae4e29463698d6d60bc6a4da69c89185ad1e0bcc4104f584e960b9ed
    # via
    #   spacy
    #   unidic
rfc3986==1.5.0 \
    --hash=sha256:270aaf10d87d0d4e095063c65bf3ddbc6ee3d0b226328ce21e036f946e421835 \
    --hash=sha256:a86d6e1f5b1dc238b218b012df0aa79409667bb209e58da56d0b94704e712a97
    # via csvw
rich==15.0.0 \
    --hash=sha256:33bd4ef74232fb73fe9279a257718407f169c09b78a87ad3d296f548e27de0bb \
    --hash=sha256:edd07a4824c6b40189fb7ac9bc4c52536e9780fbbfbddf6f1e2502c31b068c36
    # via typer
rpds-py==2026.9.1 \
    --hash=sha256:01445c8d194aa032a08e944f16567672da1c62dbdbefd8b6d0693032e290cf68 \
    --hash=sha256:10e208f2425d973938afcd56e28a7c4be32e27b6a60b5d381f49fb9d8acf9759 \
    --hash=sha256:2693b2728bbcc48d09a981a356954b0c47c53ff25b545856f28a889ea619f69a \
    --hash=sha256:3890a6aa36e6baa53d5258a2a25d3ef8b37ad165a6ab27a892d7c3e3a432cd69 \
    --hash=sha256:3b5a6f40f0a1486b4b36c888123afc67acdbd9f33235927acf5ff295429a0ba3 \
    --hash=sha256:46d80bc76b51a6c24f9944368c28d38b8bcbcea1da4f2f8d3ebc31a67e8c6ec6 \
    --hash=sha256:4793ef7f78268b124b73fa933440f01d258bbae01de9fa53e9080c9ab0425a12 \
    --hash=sha256:492e5e428cbe126221611f47e068f01660352feec4ad18bc0f5ea9b2ae88fb14 \
    --hash=sha256:501909f2e4a1e2dee528ef766fe3c469060ebc17e54a8383d404ba07a81a6f02 \
    --hash=sha256:50906f5aea24b5a865cbd0a589698288631d9f3a54c3a937c83aefa95a0d14af \
    --hash=sha256:56c6952a9b15047466d0c2347c446a761d4527f89976156341e68f0ce5cc08b0 \
    --hash=sha256:5ce8943f79c2210f7abcc28e86367b03b28d95027fd01c46d2472373ae70c86f \
    --hash=sha256:684fd492fff4fead00587544e059be2bbcb6f93454f21fa2a91b66fc7508be82 \
    --hash=sha256:6b5b393eda5ea42cca1c1a6665f2a4882b4fd5d1777e41ce0545a107fb008c9d \
    --hash=sha256:6b9bf3135b4ad5981df9a73d71a35272d650a2985ae9c2746357b24d59de2448 \
    --hash=sha256:6c0dbbcc19735fe5f8b0a54c07659d154a9e69f47e15d0a6ab7299215daf62cb \
    --hash=sha256:6cdc537c8633d7fd92a82e2e0d2ab74320a3f63d5e59fb9cf08711e08fe151c4 \
    --hash=sha256:815d26356930846a40c7bc1366e7b1b0320ab8a063e66c11298a208bed0fd237 \
    --hash=sha256:8601470267d938bcb7f3ab1a336100af51a4fd5b6ed030ef52461bb3ef5e7e07 \
    --hash=sha256:88b5268892fde430d5531f95bc560b6efbbd67c929662c586afd729a96e7461c \
    --hash=sha256:addeda51556dac7c1a2f14cda62db8b621cd12afba3091d03a96c72932387eab \
    --hash=sha256:b242c27c8f836305a4a72df9cdd564386ac57b807bd252a063223331c9316b37 \
    --hash=sha256:b5b8b0753718d258fd454283fbd57e14545d3b40583fa672e27cb4f987626bcc \
    --hash=sha256:befc2d6a953e563f8a7bfd87a42c22ebf8a3e980dcb7b6a4d17b70b0e914e8a3 \
    --hash=sha256:d1028417bb44037eb3069c1009bd7b7277212876cda22fbe565b0bca9fab6d2c \
    --hash=sha256:d9edf30457d74eebfd76b045535e36f1cd89062566a128a0db2145ca042d787e \
    --hash=sha256:e21c1429e205828ea886a2293a4a2c8e01f4c25d9893ca330e97a6cf73f52e7b \
    --hash=sha256:eef6a03b0b6d08d0835ccfa8ec8d1bc70525e3801387567137b50c557695e6da
    # via
    #   jsonschema
    #   referencing
segments==2.4.0 \
    --hash=sha256:4021dc67f201cc03c864c74c618bdb163b1af629da3040babbaa37d8813f3db0 \
    --hash=sha256:bba71f5520ddd54c8aa2f4d765a60618c6862162d6e7356a4a097f2223166f5b
    # via phonemizer-fork
setuptools==84.0.0 \
    --hash=sha256:51a52592b3b99e102b609654876bd65f19f999935166d1352678931132b0c670 \
    --hash=sha256:f4695c21257f0d9b537ec2692c941d02ee143b7cc1276941349a546573b2ef73
    # via
    #   spacy
    #   thinc
shellingham==1.5.4 \
    --hash=sha256:7ecfff8f2fd72616f7481040475a65b2bf8af90a56c89140852d1120324e8686 \
    --hash=sha256:8dbca0739d487e5bd35ab3ca4b36e11c4078f3a234bfce294b0a0291363404de
    # via typer
six==1.17.0 \
    --hash=sha256:4721f391ed90541fddacab5acf947aa0d3dc7d27b2e1e8eda2be8970586c3274 \
    --hash=sha256:ff70335d468e7eb6ec65b95b99d3a2836546063f63acc5171de367e834932a81
    # via python-dateutil
smart-open==8.0.2 \
    --hash=sha256:7ff6e4acf454269905db0c747f5d14fdba6056db572c0f8398043676dc91515c \
    --hash=sha256:d5b5c85d2d31a6657bb18b3725856125f3b5be0ae3020c0fafa4649f6c493122
    # via weasel
soundfile==0.14.0 \
    --hash=sha256:0a6ae43c50c71b4e020cc55382925cb89451c1ed1a0c3d0f5d802da269226849 \
    --hash=sha256:19be05428da76ed61a4cad29b8e4bcf43a3e5c100089d2ec81dc961eed1b0dd4 \
    --hash=sha256:1e38bac1853412871318e82a1ba69a8be677619b56025bbfcccdb41b6cafe82d \
    --hash=sha256:299491d3499460fb1b74bb4bd78b57ffc2d243a5fafa7b6ec1b264875c78453e \
    --hash=sha256:8ba81ae3a89fd5ab3bef8a8eb481fbbe794e806309675a89b4df48b8d31908a8 \
    --hash=sha256:ba1c1a2d618bca5c406647c83b89f07cc8810fa506a50622a6993ba130c1de11 \
    --hash=sha256:d828d35a059626da52f1415b5faee610aeab393319cb3fc4a9aef47b619fc14c \
    --hash=sha256:e090704718e124e7c844695236f1fce8d18a5e761eaf7c82dfcd124620805f98 \
    --hash=sha256:e85724a90bc99a6e8062c0b4ddf725f53b2a3b70afd4da875e9d2cfc4e92f377
    # via chainflow-kokoro
spacy==3.8.16 \
    --hash=sha256:2810fd2ce41f6a8dde62642dad0d11fd9db7cb6a1cd40b1c8b70a01586e6ff9f \
    --hash=sha256:397a80c4d09a6237eebaaee00a2e5f8732ff4cc165f94679b899f30179d38ea8 \
    --hash=sha256:44a641085abbe3a09ea56a89f2e50b5f51aea6cf69213b70305fb48e341b883b \
    --hash=sha256:5991c334e71c23b798c25e0d403295dde4d2d1fb58c2e075450b964db03c05ea \
    --hash=sha256:770cc0581fc06c0723cb1488dc1d1da0570801168da786674626f342d903ed37 \
    --hash=sha256:8d0f63c3124d0a34a37e9b519d004cee1269744be07f91f843902e6c9f3e557a \
    --hash=sha256:a2c46c35467d963a62dc0407c99d3a18562d4c85ee887a57e4a07dde020f1a38 \
    --hash=sha256:a3d19da23637cc396b42d22fc33852680f675d8ddcb847d3e2a0d094712d1794 \
    --hash=sha256:e045765035e9760f38637101f41a7c89d3b69659dcc70e716bb4011a95969ac9
    # via chainflow-kokoro
spacy-legacy==3.0.12 \
    --hash=sha256:476e3bd0d05f8c339ed60f40986c07387c0a71479245d6d0f4298dbd52cda55f \
    --hash=sha256:b37d6e0c9b6e1d7ca1cf5bc7152ab64a4c4671f59c85adaf7a3fcb870357a774
    # via spacy
spacy-loggers==1.0.5 \
    --hash=sha256:196284c9c446cc0cdb944005384270d775fdeaf4f494d8e269466cfa497ef645 \
    --hash=sha256:d60b0bdbf915a60e516cc2e653baeff946f0cfc461b452d11a4d5458c6fe5f24
    # via spacy
srsly==2.5.4 \
    --hash=sha256:0f1bec0f3a859b55997c92cbc19f3500c2ceea407ceb7690959193a13ec7c315 \
    --hash=sha256:168a1b9b5d275276cdf9895fd7527dadc29c1d81d0a1fde7adb464e089051cec \
    --hash=sha256:67a798b18ead89a95974618a8f001fd7ebeb2455c91894f170f6edf2aa49cf6a \
    --hash=sha256:7589a35dd6bf1d177803c4ed454098f2f690b3704b80cca337a50be95ba59b3a \
    --hash=sha256:a287627f6d35f83b8e8df99b4c7f7068b3cf386d4c28fc4b257b226512568f91 \
    --hash=sha256:aef76c62564593404770760bef01ffb22b8b2781a7dc2a4cc8a70ebf36c438b6 \
    --hash=sha256:bb463e076e5efe61784c439493dc012e27fd05b4ddcf78f3353345c5d7e462c3 \
    --hash=sha256:d42e867817004670c7c234b72dd315298682abd1e16095e96673f8505021120d \
    --hash=sha256:f3f59d68903fc23e34574eb978c88aba1a25ede9f5833582b94df9432bc137f4
    # via
    #   spacy
    #   thinc
    #   weasel
starlette==1.7.0 \
    --hash=sha256:67f8e99895493dd2911a03f11314af6ceebeae4e704bb9f43dfc6a9db151c93e \
    --hash=sha256:c79f74ea63cff761804fbbfb182f1e0b440c2d07b164d24700c5a1bab5d6ff5d
    # via fastapi
termcolor==3.3.0 \
    --hash=sha256:348871ca648ec6a9a983a13ab626c0acce02f515b9e1983332b17af7979521c5 \
    --hash=sha256:cf642efadaf0a8ebbbf4bc7a31cec2f9b5f21a9f726f4ccbb08192c9c26f43a5
    # via csvw
thinc==8.3.13 \
    --hash=sha256:3710d318b4e5460cf366a6f7b5ddbefb5d39dbd4cfa408222750fdc6c27c4411 \
    --hash=sha256:4b5ec9ff313819e7d8667794a3559463fa89ff45aaa73e3fd8d6273b1e0d7a7f \
    --hash=sha256:5a08c87143a6d20177652dca1ec0dc815d88216d8fc62594a57e8bc45bf5ed49 \
    --hash=sha256:5c9a48f2bc1e04f138240ed5f9b815a9141a5de26accd0f08fa0137fcefed258 \
    --hash=sha256:68e658549fc1eb3ff92aed5147fcbb9c15d6e9cc0e623b4d0998d16522ffb4f9 \
    --hash=sha256:77a41f66285321d20aaedaea1e87d7cd48dca6d2427bed1867ec7cba7109fc8d \
    --hash=sha256:79a29a44d76bd02f5ac0624268c6e42b3576ae472c791a8ae9c2d813ae789b59 \
    --hash=sha256:c6a049703a6011c8fe26ee41af7e70272145594140d82f79bb23de619c6a6525 \
    --hash=sha256:ed1dc709ac4f2f03b710457889e4e02f05de51bc8456980c241d0b28798bc7cb
    # via spacy
tqdm==4.70.1 \
    --hash=sha256:c293e525e6fef9c20e8728fd4612df02a0aa31bb5fe91ecd93e123b1b7bffa73 \
    --hash=sha256:cefd0eca11b2a37a3aee776544d4f4ae913f02688135b5556b8788dfa474afc4
    # via
    #   pyopenjtalk
    #   spacy
    #   unidic
typer==0.27.2 \
    --hash=sha256:269b7eb9d3c202ca84b4bc9618cb04ebb43d3d4d1e567e4c768607232c05f945 \
    --hash=sha256:b3a5fc4342d5fc8fda8fc3010b1cf117e9249aab7fae800c2eff62fd3842d97d
    # via
    #   spacy
    #   weasel
typing-extensions==4.16.0 \
    --hash=sha256:481caa481374e813c1b176ada14e97f1f67a4539ce9cfeb3f350d78d6370c2e8 \
    --hash=sha256:dc983d19a509c94dba722ee6abd33940f7c05a89e243c47e907eb4db6f1a43e5
    # via
    #   anyio
    #   fastapi
    #   opentelemetry-api
    #   phonemizer
    #   phonemizer-fork
    #   pydantic
    #   pydantic-core
    #   referencing
    #   soundfile
    #   starlette
    #   typing-inspection
typing-inspection==0.4.4 \
    --hash=sha256:547274fa6b0a561ccf549cc9524b999a578e737d015d8709d021f9d0d13bea47 \
    --hash=sha256:65b8397ba37ccbce054456aaccddfc91e6e3083c92824df348d96ca832f3f147
    # via
    #   fastapi
    #   pydantic
unidic==1.1.0 \
    --hash=sha256:0ab91c05de342c84d2a6314901fd3afb9061ecd7534dd4a0431dccbb87d921b7
    # via misaki
unidic-lite==1.0.8 \
    --hash=sha256:db9d4572d9fdd4d00a97949d4b0741ec480ee05a7e7e2e32f547500dae27b245
    # via chainflow-kokoro
uritemplate==4.2.0 \
    --hash=sha256:480c2ed180878955863323eea31b0ede668795de182617fef9c6ca09e6ec9d0e \
    --hash=sha256:962201ba1c4edcab02e60f9a0d3821e82dfc5d2d6662a21abd533879bdb8a686
    # via csvw
urllib3==2.8.0 \
    --hash=sha256:0cf3cae568d36aa9576b28dfb35f11328f1cb974ca7647d9475ebb86c75ac6e3 \
    --hash=sha256:63bf2ead4c879426ebf22ef2a781eeb4aa3b4ae798a0435506f8687fd5bb9b63
    # via requests
uvicorn==0.54.0 \
    --hash=sha256:505bdb0f318731d45f1f712071fc781a8981f6847a31c902c9f5e652d4f67faf \
    --hash=sha256:a2e33cbfaa0306f8e6b0c13e0cb89d7d7a2da3e62b90c66e18c33d9807b28620
    # via chainflow-kokoro
wasabi==0.10.1 \
    --hash=sha256:c8e372781be19272942382b14d99314d175518d7822057cb7a97010c4259d249 \
    --hash=sha256:fe862cc24034fbc9f04717cd312ab884f71f51a8ecabebc3449b751c2a649d83
    # via
    #   spacy
    #   thinc
    #   unidic
    #   weasel
weasel==1.0.0 \
    --hash=sha256:7b129b44c90cc543b760532974ca1e4eb30dad2aa2026f57bdce66354ae610fc \
    --hash=sha256:89518acee027f49d743126c3502d35e6dd14f5768be5c37c9af47c171b6005cc
    # via spacy
wrapt==2.5.0 \
    --hash=sha256:0cabb9c17ab79b2549d1f23b36f436473ad9253ef53995a817feba26fae69d5b \
    --hash=sha256:107eea1a511e98a3a5033b0c2cb403fbb37f05dee6ac1fb85c0460d311ec278c \
    --hash=sha256:5421acb5c363a9bc959122a8645e3f1f42010c932dc53885b11a5ff5b5a6d730 \
    --hash=sha256:6761765cc520ff9616fb035c02a85d1d744f7f70edd4649718fd0d09c589eacf \
    --hash=sha256:691671ea05684f921ffc2e935fd3f9311c1795a10fbbfa006b46269733668f66 \
    --hash=sha256:6a9ee62a970075738909909bdbef3a7da9f7ae03dfca584db283547a29503b56 \
    --hash=sha256:8837fbe708cb9d8a2d32a37dee836d24a531f02560db26418e2b181986fa21cb \
    --hash=sha256:a145a7826eddea3eb5814903f98f93756042b919bb5305544cb1331daa2705b1 \
    --hash=sha256:ab45839c912777e2738fed369636589c8b2a6d9c44ca56de0fd0814581d467c2 \
    --hash=sha256:b898caea081303006decc562c7fca5126f7c96507e78dd8f1ae3285dfa50ddc7 \
    --hash=sha256:c48cdb6c904dca76d9915a579e4a5fab6b0c25f650c1019ce78a78effaf7a345 \
    --hash=sha256:ce4cab32c37ef71e69cf88f909b7febd0dd79543e5ae3650e2b874e0f3d3b975 \
    --hash=sha256:e716f47c7f61e11709d3c0904213c94fc22999abf0c41461276cef886c1e8b4d
    # via smart-open
